
Microsoft Visual Studio Solution File, Format Version 12.00
# Visual Studio Version 16
VisualStudioVersion = 16.0.29609.76
MinimumVisualStudioVersion = 10.0.40219.1
Project("{9A19103F-16F7-4668-BE54-9A1E7A4F7556}") = "REST_API", "REST API\REST_API.csproj", "{9B46218A-04FA-400A-8A5B-B0893CA59D4A}"
EndProject
Global
	GlobalSection(SolutionConfigurationPlatforms) = preSolution
		Debug|Any CPU = Debug|Any CPU
		Release|Any CPU = Release|Any CPU
	EndGlobalSection
	GlobalSection(ProjectConfigurationPlatforms) = postSolution
		{9B46218A-04FA-400A-8A5B-B0893CA59D4A}.Debug|Any CPU.ActiveCfg = Debug|Any CPU
		{9B46218A-04FA-400A-8A5B-B0893CA59D4A}.Debug|Any CPU.Build.0 = Debug|Any CPU
		{9B46218A-04FA-400A-8A5B-B0893CA59D4A}.Release|Any CPU.ActiveCfg = Release|Any CPU
		{9B46218A-04FA-400A-8A5B-B0893CA59D4A}.Release|Any CPU.Build.0 = Release|Any CPU
	EndGlobalSection
	GlobalSection(SolutionProperties) = preSolution
		HideSolutionNode = FALSE
	EndGlobalSection
	GlobalSection(ExtensibilityGlobals) = postSolution
		SolutionGuid = {3AB5426B-855C-48C4-9A92-2A01D601FE2A}
	EndGlobalSection
EndGlobal
